dependencies:
- name: postgresql
  repository: https://charts.bitnami.com/bitnami
  version: 9.8.11
- name: ingress-nginx
  repository: https://kubernetes.github.io/ingress-nginx
  version: 3.8.0
- name: simple-web-database-init-scripts
  repository: file://../simple-web-database-init-scripts
  version: 0.1.0
digest: sha256:72bdf4c2c0dccdbf88f3c4b08c5dbf941d49738ddff46534ce7af32bca7b0c4a
generated: "2020-11-12T14:03:38.1846273+01:00"
